
Microsoft Visual Studio Solution File, Format Version 12.00
# Visual Studio Version 17
VisualStudioVersion = 17.8.34330.188
MinimumVisualStudioVersion = 10.0.40219.1
Project("{FAE04EC0-301F-11D3-BF4B-00C04F79EFBC}") = "ASPNETCoreIdentityDemo", "ASPNETCoreIdentityDemo.csproj", "{0C30BA78-1943-446A-A152-891E1072B139}"
EndProject
Global
	GlobalSection(SolutionConfigurationPlatforms) = preSolution
		Debug|Any CPU = Debug|Any CPU
		Release|Any CPU = Release|Any CPU
	EndGlobalSection
	GlobalSection(ProjectConfigurationPlatforms) = postSolution
		{0C30BA78-1943-446A-A152-891E1072B139}.Debug|Any CPU.ActiveCfg = Debug|Any CPU
		{0C30BA78-1943-446A-A152-891E1072B139}.Debug|Any CPU.Build.0 = Debug|Any CPU
		{0C30BA78-1943-446A-A152-891E1072B139}.Release|Any CPU.ActiveCfg = Release|Any CPU
		{0C30BA78-1943-446A-A152-891E1072B139}.Release|Any CPU.Build.0 = Release|Any CPU
	EndGlobalSection
	GlobalSection(SolutionProperties) = preSolution
		HideSolutionNode = FALSE
	EndGlobalSection
	GlobalSection(ExtensibilityGlobals) = postSolution
		SolutionGuid = {A6B1071F-1A65-4EA8-B961-68125479C3A3}
	EndGlobalSection
EndGlobal
